// !$*UTF8*$!
{
	archiveVersion = 1;
	classes = {
	};
	objectVersion = 50;
	objects = {

/* Begin PBXBuildFile section */
		5A26C0AE264AD964009C5DE6 /* AppDelegate.swift in Sources */ = {isa = PBXBuildFile; fileRef = 5A26C0AD264AD964009C5DE6 /* AppDelegate.swift */; };
		5A26C0B0264AD964009C5DE6 /* SceneDelegate.swift in Sources */ = {isa = PBXBuildFile; fileRef = 5A26C0AF264AD964009C5DE6 /* SceneDelegate.swift */; };
		5A26C0B4264AD965009C5DE6 /* Assets.xcassets in Resources */ = {isa = PBXBuildFile; fileRef = 5A26C0B3264AD965009C5DE6 /* Assets.xcassets */; };
		5A26C0B7264AD965009C5DE6 /* Preview Assets.xcassets in Resources */ = {isa = PBXBuildFile; fileRef = 5A26C0B6264AD965009C5DE6 /* Preview Assets.xcassets */; };
		5A26C0BA264AD965009C5DE6 /* LaunchScreen.storyboard in Resources */ = {isa = PBXBuildFile; fileRef = 5A26C0B8264AD965009C5DE6 /* LaunchScreen.storyboard */; };
		5A26C0C4264AD990009C5DE6 /* ViewController.swift in Sources */ = {isa = PBXBuildFile; fileRef = 5A26C0C3264AD990009C5DE6 /* ViewController.swift */; };
		5A26C0CB264ADB0D009C5DE6 /* LivePreview.swift in Sources */ = {isa = PBXBuildFile; fileRef = 5A26C0CA264ADB0D009C5DE6 /* LivePreview.swift */; };
		5ABC9EFD285CD32B006E10C8 /* Cell.swift in Sources */ = {isa = PBXBuildFile; fileRef = 5ABC9EFC285CD32B006E10C8 /* Cell.swift */; };
/* End PBXBuildFile section */

/* Begin PBXFileReference section */
		5A26C0AA264AD964009C5DE6 /* live-preview-demo.app */ = {isa = PBXFileReference; explicitFileType = wrapper.application; includeInIndex = 0; path = "live-preview-demo.app"; sourceTree = BUILT_PRODUCTS_DIR; };
		5A26C0AD264AD964009C5DE6 /* AppDelegate.swift */ = {isa = PBXFileReference; lastKnownFileType = sourcecode.swift; path = AppDelegate.swift; sourceTree = "<group>"; };
		5A26C0AF264AD964009C5DE6 /* SceneDelegate.swift */ = {isa = PBXFileReference; lastKnownFileType = sourcecode.swift; path = SceneDelegate.swift; sourceTree = "<group>"; };
		5A26C0B3264AD965009C5DE6 /* Assets.xcassets */ = {isa = PBXFileReference; lastKnownFileType = folder.assetcatalog; path = Assets.xcassets; sourceTree = "<group>"; };
		5A26C0B6264AD965009C5DE6 /* Preview Assets.xcassets */ = {isa = PBXFileReference; lastKnownFileType = folder.assetcatalog; path = "Preview Assets.xcassets"; sourceTree = "<group>"; };
		5A26C0B9264AD965009C5DE6 /* Base */ = {isa = PBXFileReference; lastKnownFileType = file.storyboard; name = Base; path = Base.lproj/LaunchScreen.storyboard; sourceTree = "<group>"; };
		5A26C0BB264AD965009C5DE6 /* Info.plist */ = {isa = PBXFileReference; lastKnownFileType = text.plist.xml; path = Info.plist; sourceTree = "<group>"; };
		5A26C0C3264AD990009C5DE6 /* ViewController.swift */ = {isa = PBXFileReference; lastKnownFileType = sourcecode.swift; path = ViewController.swift; sourceTree = "<group>"; };
		5A26C0CA264ADB0D009C5DE6 /* LivePreview.swift */ = {isa = PBXFileReference; lastKnownFileType = sourcecode.swift; path = LivePreview.swift; sourceTree = "<group>"; };
		5ABC9EFC285CD32B006E10C8 /* Cell.swift */ = {isa = PBXFileReference; lastKnownFileType = sourcecode.swift; path = Cell.swift; sourceTree = "<group>"; };
/* End PBXFileReference section */

/* Begin PBXFrameworksBuildPhase section */
		5A26C0A7264AD964009C5DE6 /* Frameworks */ = {
			isa = PBXFrameworksBuildPhase;
			buildActionMask = 2147483647;
			files = (
			);
			runOnlyForDeploymentPostprocessing = 0;
		};
/* End PBXFrameworksBuildPhase section */

/* Begin PBXGroup section */
		5A26C0A1264AD964009C5DE6 = {
			isa = PBXGroup;
			children = (
				5A26C0AC264AD964009C5DE6 /* live-preview-demo */,
				5A26C0AB264AD964009C5DE6 /* Products */,
			);
			sourceTree = "<group>";
		};
		5A26C0AB264AD964009C5DE6 /* Products */ = {
			isa = PBXGroup;
			children = (
				5A26C0AA264AD964009C5DE6 /* live-preview-demo.app */,
			);
			name = Products;
			sourceTree = "<group>";
		};
		5A26C0AC264AD964009C5DE6 /* live-preview-demo */ = {
			isa = PBXGroup;
			children = (
				5A26C0AD264AD964009C5DE6 /* AppDelegate.swift */,
				5ABC9EFC285CD32B006E10C8 /* Cell.swift */,
				5A26C0AF264AD964009C5DE6 /* SceneDelegate.swift */,
				5A26C0C3264AD990009C5DE6 /* ViewController.swift */,
				5A26C0CA264ADB0D009C5DE6 /* LivePreview.swift */,
				5A26C0B3264AD965009C5DE6 /* Assets.xcassets */,
				5A26C0B8264AD965009C5DE6 /* LaunchScreen.storyboard */,
				5A26C0BB264AD965009C5DE6 /* Info.plist */,
				5A26C0B5264AD965009C5DE6 /* Preview Content */,
			);
			path = "live-preview-demo";
			sourceTree = "<group>";
		};
		5A26C0B5264AD965009C5DE6 /* Preview Content */ = {
			isa = PBXGroup;
			children = (
				5A26C0B6264AD965009C5DE6 /* Preview Assets.xcassets */,
			);
			path = "Preview Content";
			sourceTree = "<group>";
		};
/* End PBXGroup section */

/* Begin PBXNativeTarget section */
		5A26C0A9264AD964009C5DE6 /* live-preview-demo */ = {
			isa = PBXNativeTarget;
			buildConfigurationList = 5A26C0BE264AD965009C5DE6 /* Build configuration list for PBXNativeTarget "live-preview-demo" */;
			buildPhases = (
				5A26C0A6264AD964009C5DE6 /* Sources */,
				5A26C0A7264AD964009C5DE6 /* Frameworks */,
				5A26C0A8264AD964009C5DE6 /* Resources */,
			);
			buildRules = (
			);
			dependencies = (
			);
			name = "live-preview-demo";
			productName = "live-preview-demo";
			productReference = 5A26C0AA264AD964009C5DE6 /* live-preview-demo.app */;
			productType = "com.apple.product-type.application";
		};
/* End PBXNativeTarget section */

/* Begin PBXProject section */
		5A26C0A2264AD964009C5DE6 /* Project object */ = {
			isa = PBXProject;
			attributes = {
				LastSwiftUpdateCheck = 1240;
				LastUpgradeCheck = 1240;
				TargetAttributes = {
					5A26C0A9264AD964009C5DE6 = {
						CreatedOnToolsVersion = 12.4;
					};
				};
			};
			buildConfigurationList = 5A26C0A5264AD964009C5DE6 /* Build configuration list for PBXProject "live-preview-demo" */;
			compatibilityVersion = "Xcode 9.3";
			developmentRegion = en;
			hasScannedForEncodings = 0;
			knownRegions = (
				en,
				Base,
			);
			mainGroup = 5A26C0A1264AD964009C5DE6;
			productRefGroup = 5A26C0AB264AD964009C5DE6 /* Products */;
			projectDirPath = "";
			projectRoot = "";
			targets = (
				5A26C0A9264AD964009C5DE6 /* live-preview-demo */,
			);
		};
/* End PBXProject section */

/* Begin PBXResourcesBuildPhase section */
		5A26C0A8264AD964009C5DE6 /* Resources */ = {
			isa = PBXResourcesBuildPhase;
			buildActionMask = 2147483647;
			files = (
				5A26C0BA264AD965009C5DE6 /* LaunchScreen.storyboard in Resources */,
				5A26C0B7264AD965009C5DE6 /* Preview Assets.xcassets in Resources */,
				5A26C0B4264AD965009C5DE6 /* Assets.xcassets in Resources */,
			);
			runOnlyForDeploymentPostprocessing = 0;
		};
/* End PBXResourcesBuildPhase section */

/* Begin PBXSourcesBuildPhase section */
		5A26C0A6264AD964009C5DE6 /* Sources */ = {
			isa = PBXSourcesBuildPhase;
			buildActionMask = 2147483647;
			files = (
				5A26C0C4264AD990009C5DE6 /* ViewController.swift in Sources */,
				5A26C0AE264AD964009C5DE6 /* AppDelegate.swift in Sources */,
				5ABC9EFD285CD32B006E10C8 /* Cell.swift in Sources */,
				5A26C0CB264ADB0D009C5DE6 /* LivePreview.swift in Sources */,
				5A26C0B0264AD964009C5DE6 /* SceneDelegate.swift in Sources */,
			);
			runOnlyForDeploymentPostprocessing = 0;
		};
/* End PBXSourcesBuildPhase section */

/* Begin PBXVariantGroup section */
		5A26C0B8264AD965009C5DE6 /* LaunchScreen.storyboard */ = {
			isa = PBXVariantGroup;
			children = (
				5A26C0B9264AD965009C5DE6 /* Base */,
			);
			name = LaunchScreen.storyboard;
			sourceTree = "<group>";
		};
/* End PBXVariantGroup section */

/* Begin XCBuildConfiguration section */
		5A26C0BC264AD965009C5DE6 /* Debug */ = {
			isa = XCBuildConfiguration;
			buildSettings = {
				ALWAYS_SEARCH_USER_PATHS = NO;
				CLANG_ANALYZER_NONNULL = YES;
				CLANG_ANALYZER_NUMBER_OBJECT_CONVERSION = YES_AGGRESSIVE;
				CLANG_CXX_LANGUAGE_STANDARD = "gnu++14";
				CLANG_CXX_LIBRARY = "libc++";
				CLANG_ENABLE_MODULES = YES;
				CLANG_ENABLE_OBJC_ARC = YES;
				CLANG_ENABLE_OBJC_WEAK = YES;
				CLANG_WARN_BLOCK_CAPTURE_AUTORELEASING = YES;
				CLANG_WARN_BOOL_CONVERSION = YES;
				CLANG_WARN_COMMA = YES;
				CLANG_WARN_CONSTANT_CONVERSION = YES;
				CLANG_WARN_DEPRECATED_OBJC_IMPLEMENTATIONS = YES;
				CLANG_WARN_DIRECT_OBJC_ISA_USAGE = YES_ERROR;
				CLANG_WARN_DOCUMENTATION_COMMENTS = YES;
				CLANG_WARN_EMPTY_BODY = YES;
				CLANG_WARN_ENUM_CONVERSION = YES;
				CLANG_WARN_INFINITE_RECURSION = YES;
				CLANG_WARN_INT_CONVERSION = YES;
				CLANG_WARN_NON_LITERAL_NULL_CONVERSION = YES;
				CLANG_WARN_OBJC_IMPLICIT_RETAIN_SELF = YES;
				CLANG_WARN_OBJC_LITERAL_CONVERSION = YES;
				CLANG_WARN_OBJC_ROOT_CLASS = YES_ERROR;
				CLANG_WARN_QUOTED_INCLUDE_IN_FRAMEWORK_HEADER = YES;
				CLANG_WARN_RANGE_LOOP_ANALYSIS = YES;
				CLANG_WARN_STRICT_PROTOTYPES = YES;
				CLANG_WARN_SUSPICIOUS_MOVE = YES;
				CLANG_WARN_UNGUARDED_AVAILABILITY = YES_AGGRESSIVE;
				CLANG_WARN_UNREACHABLE_CODE = YES;
				CLANG_WARN__DUPLICATE_METHOD_MATCH = YES;
				COPY_PHASE_STRIP = NO;
				DEBUG_INFORMATION_FORMAT = dwarf;
				ENABLE_STRICT_OBJC_MSGSEND = YES;
				ENABLE_TESTABILITY = YES;
				GCC_C_LANGUAGE_STANDARD = gnu11;
				GCC_DYNAMIC_NO_PIC = NO;
				GCC_NO_COMMON_BLOCKS = YES;
				GCC_OPTIMIZATION_LEVEL = 0;
				GCC_PREPROCESSOR_DEFINITIONS = (
					"DEBUG=1",
					"$(inherited)",
				);
				GCC_WARN_64_TO_32_BIT_CONVERSION = YES;
				GCC_WARN_ABOUT_RETURN_TYPE = YES_ERROR;
				GCC_WARN_UNDECLARED_SELECTOR = YES;
				GCC_WARN_UNINITIALIZED_AUTOS = YES_AGGRESSIVE;
				GCC_WARN_UNUSED_FUNCTION = YES;
				GCC_WARN_UNUSED_VARIABLE = YES;
				IPHONEOS_DEPLOYMENT_TARGET = 14.4;
				MTL_ENABLE_DEBUG_INFO = INCLUDE_SOURCE;
				MTL_FAST_MATH = YES;
				ONLY_ACTIVE_ARCH = YES;
				SDKROOT = iphoneos;
				SWIFT_ACTIVE_COMPILATION_CONDITIONS = DEBUG;
				SWIFT_OPTIMIZATION_LEVEL = "-Onone";
			};
			name = Debug;
		};
		5A26C0BD264AD965009C5DE6 /* Release */ = {
			isa = XCBuildConfiguration;
			buildSettings = {
				ALWAYS_SEARCH_USER_PATHS = NO;
				CLANG_ANALYZER_NONNULL = YES;
				CLANG_ANALYZER_NUMBER_OBJECT_CONVERSION = YES_AGGRESSIVE;
				CLANG_CXX_LANGUAGE_STANDARD = "gnu++14";
				CLANG_CXX_LIBRARY = "libc++";
				CLANG_ENABLE_MODULES = YES;
				CLANG_ENABLE_OBJC_ARC = YES;
				CLANG_ENABLE_OBJC_WEAK = YES;
				CLANG_WARN_BLOCK_CAPTURE_AUTORELEASING = YES;
				CLANG_WARN_BOOL_CONVERSION = YES;
				CLANG_WARN_COMMA = YES;
				CLANG_WARN_CONSTANT_CONVERSION = YES;
				CLANG_WARN_DEPRECATED_OBJC_IMPLEMENTATIONS = YES;
				CLANG_WARN_DIRECT_OBJC_ISA_USAGE = YES_ERROR;
				CLANG_WARN_DOCUMENTATION_COMMENTS = YES;
				CLANG_WARN_EMPTY_BODY = YES;
				CLANG_WARN_ENUM_CONVERSION = YES;
				CLANG_WARN_INFINITE_RECURSION = YES;
				CLANG_WARN_INT_CONVERSION = YES;
				CLANG_WARN_NON_LITERAL_NULL_CONVERSION = YES;
				CLANG_WARN_OBJC_IMPLICIT_RETAIN_SELF = YES;
				CLANG_WARN_OBJC_LITERAL_CONVERSION = YES;
				CLANG_WARN_OBJC_ROOT_CLASS = YES_ERROR;
				CLANG_WARN_QUOTED_INCLUDE_IN_FRAMEWORK_HEADER = YES;
				CLANG_WARN_RANGE_LOOP_ANALYSIS = YES;
				CLANG_WARN_STRICT_PROTOTYPES = YES;
				CLANG_WARN_SUSPICIOUS_MOVE = YES;
				CLANG_WARN_UNGUARDED_AVAILABILITY = YES_AGGRESSIVE;
				CLANG_WARN_UNREACHABLE_CODE = YES;
				CLANG_WARN__DUPLICATE_METHOD_MATCH = YES;
				COPY_PHASE_STRIP = NO;
				DEBUG_INFORMATION_FORMAT = "dwarf-with-dsym";
				ENABLE_NS_ASSERTIONS = NO;
				ENABLE_STRICT_OBJC_MSGSEND = YES;
				GCC_C_LANGUAGE_STANDARD = gnu11;
				GCC_NO_COMMON_BLOCKS = YES;
				GCC_WARN_64_TO_32_BIT_CONVERSION = YES;
				GCC_WARN_ABOUT_RETURN_TYPE = YES_ERROR;
				GCC_WARN_UNDECLARED_SELECTOR = YES;
				GCC_WARN_UNINITIALIZED_AUTOS = YES_AGGRESSIVE;
				GCC_WARN_UNUSED_FUNCTION = YES;
				GCC_WARN_UNUSED_VARIABLE = YES;
				IPHONEOS_DEPLOYMENT_TARGET = 14.4;
				MTL_ENABLE_DEBUG_INFO = NO;
				MTL_FAST_MATH = YES;
				SDKROOT = iphoneos;
				SWIFT_COMPILATION_MODE = wholemodule;
				SWIFT_OPTIMIZATION_LEVEL = "-O";
				VALIDATE_PRODUCT = YES;
			};
			name = Release;
		};
		5A26C0BF264AD965009C5DE6 /* Debug */ = {
			isa = XCBuildConfiguration;
			buildSettings = {
				ASSETCATALOG_COMPILER_APPICON_NAME = AppIcon;
				ASSETCATALOG_COMPILER_GLOBAL_ACCENT_COLOR_NAME = AccentColor;
				CODE_SIGN_STYLE = Automatic;
				DEVELOPMENT_ASSET_PATHS = "\"live-preview-demo/Preview Content\"";
				DEVELOPMENT_TEAM = P4DQK6SRKR;
				ENABLE_PREVIEWS = YES;
				INFOPLIST_FILE = "live-preview-demo/Info.plist";
				IPHONEOS_DEPLOYMENT_TARGET = 16.0;
				LD_RUNPATH_SEARCH_PATHS = (
					"$(inherited)",
					"@executable_path/Frameworks",
				);
				PRODUCT_BUNDLE_IDENTIFIER = "marcusziade.live-preview-demo";
				PRODUCT_NAME = "$(TARGET_NAME)";
				SWIFT_VERSION = 5.0;
				TARGETED_DEVICE_FAMILY = "1,2";
			};
			name = Debug;
		};
		5A26C0C0264AD965009C5DE6 /* Release */ = {
			isa = XCBuildConfiguration;
			buildSettings = {
				ASSETCATALOG_COMPILER_APPICON_NAME = AppIcon;
				ASSETCATALOG_COMPILER_GLOBAL_ACCENT_COLOR_NAME = AccentColor;
				CODE_SIGN_STYLE = Automatic;
				DEVELOPMENT_ASSET_PATHS = "\"live-preview-demo/Preview Content\"";
				DEVELOPMENT_TEAM = P4DQK6SRKR;
				ENABLE_PREVIEWS = YES;
				INFOPLIST_FILE = "live-preview-demo/Info.plist";
				IPHONEOS_DEPLOYMENT_TARGET = 16.0;
				LD_RUNPATH_SEARCH_PATHS = (
					"$(inherited)",
					"@executable_path/Frameworks",
				);
				PRODUCT_BUNDLE_IDENTIFIER = "marcusziade.live-preview-demo";
				PRODUCT_NAME = "$(TARGET_NAME)";
				SWIFT_VERSION = 5.0;
				TARGETED_DEVICE_FAMILY = "1,2";
			};
			name = Release;
		};
/* End XCBuildConfiguration section */

/* Begin XCConfigurationList section */
		5A26C0A5264AD964009C5DE6 /* Build configuration list for PBXProject "live-preview-demo" */ = {
			isa = XCConfigurationList;
			buildConfigurations = (
				5A26C0BC264AD965009C5DE6 /* Debug */,
				5A26C0BD264AD965009C5DE6 /* Release */,
			);
			defaultConfigurationIsVisible = 0;
			defaultConfigurationName = Release;
		};
		5A26C0BE264AD965009C5DE6 /* Build configuration list for PBXNativeTarget "live-preview-demo" */ = {
			isa = XCConfigurationList;
			buildConfigurations = (
				5A26C0BF264AD965009C5DE6 /* Debug */,
				5A26C0C0264AD965009C5DE6 /* Release */,
			);
			defaultConfigurationIsVisible = 0;
			defaultConfigurationName = Release;
		};
/* End XCConfigurationList section */
	};
	rootObject = 5A26C0A2264AD964009C5DE6 /* Project object */;
}
